
Microsoft Visual Studio Solution File, Format Version 12.00
# Visual Studio Version 17
VisualStudioVersion = 17.4.33213.308
MinimumVisualStudioVersion = 10.0.40219.1
Project("{2150E333-8FDC-42A3-9474-1A3956D46DE8}") = "src", "src", "{17FD74B1-3A71-40A8-84E6-3B0507E0E15A}"
EndProject
Project("{2150E333-8FDC-42A3-9474-1A3956D46DE8}") = "Solution Items", "Solution Items", "{5E157280-DFF0-4C07-93AE-265D476320A6}"
	ProjectSection(SolutionItems) = preProject
		Directory.Build.props = Directory.Build.props
		Directory.Build.targets = Directory.Build.targets
		Directory.Packages.props = Directory.Packages.props
		nuget.config = nuget.config
	EndProjectSection
EndProject
Project("{2150E333-8FDC-42A3-9474-1A3956D46DE8}") = "test", "test", "{DAF9B91B-6DE1-4AE6-B0AD-F9AB1AC67C44}"
EndProject
Project("{2150E333-8FDC-42A3-9474-1A3956D46DE8}") = "src", "src", "{40E85D3D-48D2-4DDD-805B-DA658972E089}"
	ProjectSection(SolutionItems) = preProject
		src\Directory.Build.props = src\Directory.Build.props
		src\Directory.Build.targets = src\Directory.Build.targets
	EndProjectSection
EndProject
Project("{2150E333-8FDC-42A3-9474-1A3956D46DE8}") = "test", "test", "{627A2388-A6DD-4125-B007-6ACCDC273A07}"
EndProject
Project("{2150E333-8FDC-42A3-9474-1A3956D46DE8}") = "build", "build", "{CE75ABB0-CC50-479D-BD18-40B8413ADBFC}"
EndProject
Project("{2150E333-8FDC-42A3-9474-1A3956D46DE8}") = "configs", "configs", "{843D9052-CC16-40F6-857D-AAD674492F00}"
EndProject
Project("{2150E333-8FDC-42A3-9474-1A3956D46DE8}") = "infrastructure", "infrastructure", "{8E34AC24-74E2-4BD7-A6EB-F1CC6731AA1D}"
EndProject
Project("{9A19103F-16F7-4668-BE54-9A1E7A4F7556}") = "ARWNI2S.GDESK.DotNet", "src\Infrastructure\ARWNI2S.GDESK.DotNet\ARWNI2S.GDESK.DotNet.csproj", "{41541A7F-5865-43DC-AD5E-2EB5BE122B4F}"
EndProject
Project("{9A19103F-16F7-4668-BE54-9A1E7A4F7556}") = "ARWNI2S.Node.Core", "src\ARWNI2S.Node.Core\ARWNI2S.Node.Core.csproj", "{A0A9BF7D-BF11-4D53-9AD4-65FC7A7B0148}"
EndProject
Project("{9A19103F-16F7-4668-BE54-9A1E7A4F7556}") = "ARWNI2S.Node", "src\ARWNI2S.Node\ARWNI2S.Node.csproj", "{309A35D3-CFCC-4D72-B765-55AB2F720737}"
EndProject
Project("{9A19103F-16F7-4668-BE54-9A1E7A4F7556}") = "ARWNI2S.Node.Data", "src\ARWNI2S.Node.Data\ARWNI2S.Node.Data.csproj", "{5EAFA73B-AD78-49DE-BFE9-5E6CACEE024A}"
EndProject
Project("{9A19103F-16F7-4668-BE54-9A1E7A4F7556}") = "ARWNI2S.GDESK.Orleans", "src\Infrastructure\ARWNI2S.GDESK.Orleans\ARWNI2S.GDESK.Orleans.csproj", "{8F1E41D2-5905-421D-B681-AC30488ACA89}"
EndProject
Project("{9A19103F-16F7-4668-BE54-9A1E7A4F7556}") = "ARWNI2S.Infrastructure.Collections", "src\Infrastructure\ARWNI2S.Infrastructure.Collections\ARWNI2S.Infrastructure.Collections.csproj", "{58C4F378-E485-49BA-8CAA-6D7D6DC9B812}"
EndProject
Project("{9A19103F-16F7-4668-BE54-9A1E7A4F7556}") = "ARWNI2S.Infrastructure.Abstractions", "src\Infrastructure\ARWNI2S.Infrastructure.Abstractions\ARWNI2S.Infrastructure.Abstractions.csproj", "{8D4A03EE-4A1E-4A4B-A8E1-5D623EBC4E4B}"
EndProject
Project("{9A19103F-16F7-4668-BE54-9A1E7A4F7556}") = "ARWNI2S.Infrastructure", "src\Infrastructure\ARWNI2S.Infrastructure\ARWNI2S.Infrastructure.csproj", "{6AD5F3A7-DBF8-43D7-9C80-5142D41F0610}"
EndProject
Project("{9A19103F-16F7-4668-BE54-9A1E7A4F7556}") = "ARWNI2S.Infrastructure.Extensions", "src\Infrastructure\ARWNI2S.Infrastructure.Extensions\ARWNI2S.Infrastructure.Extensions.csproj", "{AAE072C0-D41B-46B9-84A1-4CC2AE32D91A}"
EndProject
Project("{2150E333-8FDC-42A3-9474-1A3956D46DE8}") = "shared", "shared", "{23552E11-8C20-486C-9D05-CA074866DDC8}"
	ProjectSection(SolutionItems) = preProject
		src\shared\Utils.cs = src\shared\Utils.cs
	EndProjectSection
EndProject
Project("{FAE04EC0-301F-11D3-BF4B-00C04F79EFBC}") = "ARWNI2S.Infrastructure.Commons", "src\Infrastructure\ARWNI2S.Infrastructure.Commons\ARWNI2S.Infrastructure.Commons.csproj", "{8F6E1073-476F-4EAE-99FE-B823272F9D01}"
EndProject
Project("{9A19103F-16F7-4668-BE54-9A1E7A4F7556}") = "ARWNI2S.Node.Services", "src\ARWNI2S.Node.Services\ARWNI2S.Node.Services.csproj", "{058D8970-8C1C-4C23-9C90-67E944694B49}"
EndProject
Global
	GlobalSection(SolutionConfigurationPlatforms) = preSolution
		Debug|Any CPU = Debug|Any CPU
		Release|Any CPU = Release|Any CPU
	EndGlobalSection
	GlobalSection(ProjectConfigurationPlatforms) = postSolution
		{41541A7F-5865-43DC-AD5E-2EB5BE122B4F}.Debug|Any CPU.ActiveCfg = Debug|Any CPU
		{41541A7F-5865-43DC-AD5E-2EB5BE122B4F}.Debug|Any CPU.Build.0 = Debug|Any CPU
		{41541A7F-5865-43DC-AD5E-2EB5BE122B4F}.Release|Any CPU.ActiveCfg = Release|Any CPU
		{41541A7F-5865-43DC-AD5E-2EB5BE122B4F}.Release|Any CPU.Build.0 = Release|Any CPU
		{A0A9BF7D-BF11-4D53-9AD4-65FC7A7B0148}.Debug|Any CPU.ActiveCfg = Debug|Any CPU
		{A0A9BF7D-BF11-4D53-9AD4-65FC7A7B0148}.Debug|Any CPU.Build.0 = Debug|Any CPU
		{A0A9BF7D-BF11-4D53-9AD4-65FC7A7B0148}.Release|Any CPU.ActiveCfg = Release|Any CPU
		{A0A9BF7D-BF11-4D53-9AD4-65FC7A7B0148}.Release|Any CPU.Build.0 = Release|Any CPU
		{309A35D3-CFCC-4D72-B765-55AB2F720737}.Debug|Any CPU.ActiveCfg = Debug|Any CPU
		{309A35D3-CFCC-4D72-B765-55AB2F720737}.Debug|Any CPU.Build.0 = Debug|Any CPU
		{309A35D3-CFCC-4D72-B765-55AB2F720737}.Release|Any CPU.ActiveCfg = Release|Any CPU
		{309A35D3-CFCC-4D72-B765-55AB2F720737}.Release|Any CPU.Build.0 = Release|Any CPU
		{5EAFA73B-AD78-49DE-BFE9-5E6CACEE024A}.Debug|Any CPU.ActiveCfg = Debug|Any CPU
		{5EAFA73B-AD78-49DE-BFE9-5E6CACEE024A}.Debug|Any CPU.Build.0 = Debug|Any CPU
		{5EAFA73B-AD78-49DE-BFE9-5E6CACEE024A}.Release|Any CPU.ActiveCfg = Release|Any CPU
		{5EAFA73B-AD78-49DE-BFE9-5E6CACEE024A}.Release|Any CPU.Build.0 = Release|Any CPU
		{8F1E41D2-5905-421D-B681-AC30488ACA89}.Debug|Any CPU.ActiveCfg = Debug|Any CPU
		{8F1E41D2-5905-421D-B681-AC30488ACA89}.Debug|Any CPU.Build.0 = Debug|Any CPU
		{8F1E41D2-5905-421D-B681-AC30488ACA89}.Release|Any CPU.ActiveCfg = Release|Any CPU
		{8F1E41D2-5905-421D-B681-AC30488ACA89}.Release|Any CPU.Build.0 = Release|Any CPU
		{58C4F378-E485-49BA-8CAA-6D7D6DC9B812}.Debug|Any CPU.ActiveCfg = Debug|Any CPU
		{58C4F378-E485-49BA-8CAA-6D7D6DC9B812}.Debug|Any CPU.Build.0 = Debug|Any CPU
		{58C4F378-E485-49BA-8CAA-6D7D6DC9B812}.Release|Any CPU.ActiveCfg = Release|Any CPU
		{58C4F378-E485-49BA-8CAA-6D7D6DC9B812}.Release|Any CPU.Build.0 = Release|Any CPU
		{8D4A03EE-4A1E-4A4B-A8E1-5D623EBC4E4B}.Debug|Any CPU.ActiveCfg = Debug|Any CPU
		{8D4A03EE-4A1E-4A4B-A8E1-5D623EBC4E4B}.Debug|Any CPU.Build.0 = Debug|Any CPU
		{8D4A03EE-4A1E-4A4B-A8E1-5D623EBC4E4B}.Release|Any CPU.ActiveCfg = Release|Any CPU
		{8D4A03EE-4A1E-4A4B-A8E1-5D623EBC4E4B}.Release|Any CPU.Build.0 = Release|Any CPU
		{6AD5F3A7-DBF8-43D7-9C80-5142D41F0610}.Debug|Any CPU.ActiveCfg = Debug|Any CPU
		{6AD5F3A7-DBF8-43D7-9C80-5142D41F0610}.Debug|Any CPU.Build.0 = Debug|Any CPU
		{6AD5F3A7-DBF8-43D7-9C80-5142D41F0610}.Release|Any CPU.ActiveCfg = Release|Any CPU
		{6AD5F3A7-DBF8-43D7-9C80-5142D41F0610}.Release|Any CPU.Build.0 = Release|Any CPU
		{AAE072C0-D41B-46B9-84A1-4CC2AE32D91A}.Debug|Any CPU.ActiveCfg = Debug|Any CPU
		{AAE072C0-D41B-46B9-84A1-4CC2AE32D91A}.Debug|Any CPU.Build.0 = Debug|Any CPU
		{AAE072C0-D41B-46B9-84A1-4CC2AE32D91A}.Release|Any CPU.ActiveCfg = Release|Any CPU
		{AAE072C0-D41B-46B9-84A1-4CC2AE32D91A}.Release|Any CPU.Build.0 = Release|Any CPU
		{8F6E1073-476F-4EAE-99FE-B823272F9D01}.Debug|Any CPU.ActiveCfg = Debug|Any CPU
		{8F6E1073-476F-4EAE-99FE-B823272F9D01}.Debug|Any CPU.Build.0 = Debug|Any CPU
		{8F6E1073-476F-4EAE-99FE-B823272F9D01}.Release|Any CPU.ActiveCfg = Release|Any CPU
		{8F6E1073-476F-4EAE-99FE-B823272F9D01}.Release|Any CPU.Build.0 = Release|Any CPU
		{058D8970-8C1C-4C23-9C90-67E944694B49}.Debug|Any CPU.ActiveCfg = Debug|Any CPU
		{058D8970-8C1C-4C23-9C90-67E944694B49}.Debug|Any CPU.Build.0 = Debug|Any CPU
		{058D8970-8C1C-4C23-9C90-67E944694B49}.Release|Any CPU.ActiveCfg = Release|Any CPU
		{058D8970-8C1C-4C23-9C90-67E944694B49}.Release|Any CPU.Build.0 = Release|Any CPU
	EndGlobalSection
	GlobalSection(SolutionProperties) = preSolution
		HideSolutionNode = FALSE
	EndGlobalSection
	GlobalSection(NestedProjects) = preSolution
		{40E85D3D-48D2-4DDD-805B-DA658972E089} = {5E157280-DFF0-4C07-93AE-265D476320A6}
		{627A2388-A6DD-4125-B007-6ACCDC273A07} = {5E157280-DFF0-4C07-93AE-265D476320A6}
		{CE75ABB0-CC50-479D-BD18-40B8413ADBFC} = {5E157280-DFF0-4C07-93AE-265D476320A6}
		{843D9052-CC16-40F6-857D-AAD674492F00} = {5E157280-DFF0-4C07-93AE-265D476320A6}
		{8E34AC24-74E2-4BD7-A6EB-F1CC6731AA1D} = {17FD74B1-3A71-40A8-84E6-3B0507E0E15A}
		{41541A7F-5865-43DC-AD5E-2EB5BE122B4F} = {8E34AC24-74E2-4BD7-A6EB-F1CC6731AA1D}
		{A0A9BF7D-BF11-4D53-9AD4-65FC7A7B0148} = {17FD74B1-3A71-40A8-84E6-3B0507E0E15A}
		{309A35D3-CFCC-4D72-B765-55AB2F720737} = {17FD74B1-3A71-40A8-84E6-3B0507E0E15A}
		{5EAFA73B-AD78-49DE-BFE9-5E6CACEE024A} = {17FD74B1-3A71-40A8-84E6-3B0507E0E15A}
		{8F1E41D2-5905-421D-B681-AC30488ACA89} = {8E34AC24-74E2-4BD7-A6EB-F1CC6731AA1D}
		{58C4F378-E485-49BA-8CAA-6D7D6DC9B812} = {8E34AC24-74E2-4BD7-A6EB-F1CC6731AA1D}
		{8D4A03EE-4A1E-4A4B-A8E1-5D623EBC4E4B} = {8E34AC24-74E2-4BD7-A6EB-F1CC6731AA1D}
		{6AD5F3A7-DBF8-43D7-9C80-5142D41F0610} = {8E34AC24-74E2-4BD7-A6EB-F1CC6731AA1D}
		{AAE072C0-D41B-46B9-84A1-4CC2AE32D91A} = {8E34AC24-74E2-4BD7-A6EB-F1CC6731AA1D}
		{23552E11-8C20-486C-9D05-CA074866DDC8} = {17FD74B1-3A71-40A8-84E6-3B0507E0E15A}
		{8F6E1073-476F-4EAE-99FE-B823272F9D01} = {8E34AC24-74E2-4BD7-A6EB-F1CC6731AA1D}
		{058D8970-8C1C-4C23-9C90-67E944694B49} = {17FD74B1-3A71-40A8-84E6-3B0507E0E15A}
	EndGlobalSection
	GlobalSection(ExtensibilityGlobals) = postSolution
		SolutionGuid = {05D21124-6466-4B51-B5DF-A5B282DF4E9C}
	EndGlobalSection
EndGlobal
