
Microsoft Visual Studio Solution File, Format Version 12.00
# Visual Studio Version 17
VisualStudioVersion = 17.4.33213.308
MinimumVisualStudioVersion = 10.0.40219.1
Project("{2150E333-8FDC-42A3-9474-1A3956D46DE8}") = "src", "src", "{17FD74B1-3A71-40A8-84E6-3B0507E0E15A}"
EndProject
Project("{2150E333-8FDC-42A3-9474-1A3956D46DE8}") = "test", "test", "{A5B39C58-8EDC-4978-9959-7BCA0F712501}"
EndProject
Project("{2150E333-8FDC-42A3-9474-1A3956D46DE8}") = "Modules", "Modules", "{BB6D954E-A777-4374-AC58-68CB5EAF54B7}"
EndProject
Project("{2150E333-8FDC-42A3-9474-1A3956D46DE8}") = "Plugins", "Plugins", "{547D4A12-1917-4E65-978B-0EDFF54ABA29}"
EndProject
Project("{2150E333-8FDC-42A3-9474-1A3956D46DE8}") = "Shared", "Shared", "{507AC3C2-4E4F-452F-A019-E3F147FE2196}"
EndProject
Project("{2150E333-8FDC-42A3-9474-1A3956D46DE8}") = "Solution Items", "Solution Items", "{5E157280-DFF0-4C07-93AE-265D476320A6}"
	ProjectSection(SolutionItems) = preProject
		Directory.Build.props = Directory.Build.props
		Directory.Build.targets = Directory.Build.targets
		Directory.Packages.props = Directory.Packages.props
		InternalsVisibleTo.Test.cs = InternalsVisibleTo.Test.cs
	EndProjectSection
EndProject
Project("{9A19103F-16F7-4668-BE54-9A1E7A4F7556}") = "NI2SNode.Core", "src\NI2SNode.Core\NI2SNode.Core.csproj", "{EEBD9B93-593A-4F1D-B183-310F2BA88721}"
EndProject
Project("{9A19103F-16F7-4668-BE54-9A1E7A4F7556}") = "NI2SNode.Abstractions", "src\NI2SNode.Abstractions\NI2SNode.Abstractions.csproj", "{0C4C7DD3-776D-48E8-B88B-EB2FD03ED44A}"
EndProject
Project("{9A19103F-16F7-4668-BE54-9A1E7A4F7556}") = "NI2SNode.Client", "src\NI2SNode.Client\NI2SNode.Client.csproj", "{C2F5BB36-5516-46CF-8080-B7FF6EEA7E64}"
EndProject
Project("{FAE04EC0-301F-11D3-BF4B-00C04F79EFBC}") = "NI2SNode.Benchmark", "src\Test\NI2SNode.Benchmark\NI2SNode.Benchmark.csproj", "{3165E12D-CB7E-4564-8E86-40DA12F7E512}"
EndProject
Project("{FAE04EC0-301F-11D3-BF4B-00C04F79EFBC}") = "NI2SNode.Tests", "src\Test\NI2SNode.Tests\NI2SNode.Tests.csproj", "{D94D35B3-7ECD-4600-98CE-67E5F8505112}"
EndProject
Project("{FAE04EC0-301F-11D3-BF4B-00C04F79EFBC}") = "NI2SNode.Tests.Command", "src\Test\NI2SNode.Tests.Command\NI2SNode.Tests.Command.csproj", "{69A5CDED-6796-40F3-B148-BAA679D062E9}"
EndProject
Project("{9A19103F-16F7-4668-BE54-9A1E7A4F7556}") = "NI2SNode.Protocol", "src\Shared\NI2SNode.Protocol\NI2SNode.Protocol.csproj", "{F5FD21BE-1036-4598-B01B-168E3B5E93E5}"
EndProject
Global
	GlobalSection(SolutionConfigurationPlatforms) = preSolution
		Debug|Any CPU = Debug|Any CPU
		Release|Any CPU = Release|Any CPU
	EndGlobalSection
	GlobalSection(ProjectConfigurationPlatforms) = postSolution
		{EEBD9B93-593A-4F1D-B183-310F2BA88721}.Debug|Any CPU.ActiveCfg = Debug|Any CPU
		{EEBD9B93-593A-4F1D-B183-310F2BA88721}.Debug|Any CPU.Build.0 = Debug|Any CPU
		{EEBD9B93-593A-4F1D-B183-310F2BA88721}.Release|Any CPU.ActiveCfg = Release|Any CPU
		{EEBD9B93-593A-4F1D-B183-310F2BA88721}.Release|Any CPU.Build.0 = Release|Any CPU
		{0C4C7DD3-776D-48E8-B88B-EB2FD03ED44A}.Debug|Any CPU.ActiveCfg = Debug|Any CPU
		{0C4C7DD3-776D-48E8-B88B-EB2FD03ED44A}.Debug|Any CPU.Build.0 = Debug|Any CPU
		{0C4C7DD3-776D-48E8-B88B-EB2FD03ED44A}.Release|Any CPU.ActiveCfg = Release|Any CPU
		{0C4C7DD3-776D-48E8-B88B-EB2FD03ED44A}.Release|Any CPU.Build.0 = Release|Any CPU
		{C2F5BB36-5516-46CF-8080-B7FF6EEA7E64}.Debug|Any CPU.ActiveCfg = Debug|Any CPU
		{C2F5BB36-5516-46CF-8080-B7FF6EEA7E64}.Debug|Any CPU.Build.0 = Debug|Any CPU
		{C2F5BB36-5516-46CF-8080-B7FF6EEA7E64}.Release|Any CPU.ActiveCfg = Release|Any CPU
		{C2F5BB36-5516-46CF-8080-B7FF6EEA7E64}.Release|Any CPU.Build.0 = Release|Any CPU
		{3165E12D-CB7E-4564-8E86-40DA12F7E512}.Debug|Any CPU.ActiveCfg = Debug|Any CPU
		{3165E12D-CB7E-4564-8E86-40DA12F7E512}.Debug|Any CPU.Build.0 = Debug|Any CPU
		{3165E12D-CB7E-4564-8E86-40DA12F7E512}.Release|Any CPU.ActiveCfg = Release|Any CPU
		{3165E12D-CB7E-4564-8E86-40DA12F7E512}.Release|Any CPU.Build.0 = Release|Any CPU
		{D94D35B3-7ECD-4600-98CE-67E5F8505112}.Debug|Any CPU.ActiveCfg = Debug|Any CPU
		{D94D35B3-7ECD-4600-98CE-67E5F8505112}.Debug|Any CPU.Build.0 = Debug|Any CPU
		{D94D35B3-7ECD-4600-98CE-67E5F8505112}.Release|Any CPU.ActiveCfg = Release|Any CPU
		{D94D35B3-7ECD-4600-98CE-67E5F8505112}.Release|Any CPU.Build.0 = Release|Any CPU
		{69A5CDED-6796-40F3-B148-BAA679D062E9}.Debug|Any CPU.ActiveCfg = Debug|Any CPU
		{69A5CDED-6796-40F3-B148-BAA679D062E9}.Debug|Any CPU.Build.0 = Debug|Any CPU
		{69A5CDED-6796-40F3-B148-BAA679D062E9}.Release|Any CPU.ActiveCfg = Release|Any CPU
		{69A5CDED-6796-40F3-B148-BAA679D062E9}.Release|Any CPU.Build.0 = Release|Any CPU
		{F5FD21BE-1036-4598-B01B-168E3B5E93E5}.Debug|Any CPU.ActiveCfg = Debug|Any CPU
		{F5FD21BE-1036-4598-B01B-168E3B5E93E5}.Debug|Any CPU.Build.0 = Debug|Any CPU
		{F5FD21BE-1036-4598-B01B-168E3B5E93E5}.Release|Any CPU.ActiveCfg = Release|Any CPU
		{F5FD21BE-1036-4598-B01B-168E3B5E93E5}.Release|Any CPU.Build.0 = Release|Any CPU
	EndGlobalSection
	GlobalSection(SolutionProperties) = preSolution
		HideSolutionNode = FALSE
	EndGlobalSection
	GlobalSection(NestedProjects) = preSolution
		{BB6D954E-A777-4374-AC58-68CB5EAF54B7} = {17FD74B1-3A71-40A8-84E6-3B0507E0E15A}
		{547D4A12-1917-4E65-978B-0EDFF54ABA29} = {17FD74B1-3A71-40A8-84E6-3B0507E0E15A}
		{507AC3C2-4E4F-452F-A019-E3F147FE2196} = {17FD74B1-3A71-40A8-84E6-3B0507E0E15A}
		{EEBD9B93-593A-4F1D-B183-310F2BA88721} = {17FD74B1-3A71-40A8-84E6-3B0507E0E15A}
		{0C4C7DD3-776D-48E8-B88B-EB2FD03ED44A} = {17FD74B1-3A71-40A8-84E6-3B0507E0E15A}
		{C2F5BB36-5516-46CF-8080-B7FF6EEA7E64} = {17FD74B1-3A71-40A8-84E6-3B0507E0E15A}
		{3165E12D-CB7E-4564-8E86-40DA12F7E512} = {A5B39C58-8EDC-4978-9959-7BCA0F712501}
		{D94D35B3-7ECD-4600-98CE-67E5F8505112} = {A5B39C58-8EDC-4978-9959-7BCA0F712501}
		{69A5CDED-6796-40F3-B148-BAA679D062E9} = {A5B39C58-8EDC-4978-9959-7BCA0F712501}
		{F5FD21BE-1036-4598-B01B-168E3B5E93E5} = {507AC3C2-4E4F-452F-A019-E3F147FE2196}
	EndGlobalSection
	GlobalSection(ExtensibilityGlobals) = postSolution
		SolutionGuid = {05D21124-6466-4B51-B5DF-A5B282DF4E9C}
	EndGlobalSection
EndGlobal
