
Microsoft Visual Studio Solution File, Format Version 12.00
# Visual Studio Version 17
VisualStudioVersion = 17.5.33424.131
MinimumVisualStudioVersion = 10.0.40219.1
Project("{9A19103F-16F7-4668-BE54-9A1E7A4F7556}") = "NI2SAssemblyProcessor", "NI2SAssemblyProcessor\NI2SAssemblyProcessor.csproj", "{242D6719-40AD-4388-A931-7A420A21858A}"
EndProject
Project("{FAE04EC0-301F-11D3-BF4B-00C04F79EFBC}") = "NI2SAssemblyProcessor.Tests", "NI2SAssemblyProcessor.Tests\NI2SAssemblyProcessor.Tests.csproj", "{FF9F24EB-0A73-41AA-A520-83EA11D9C285}"
EndProject
Global
	GlobalSection(SolutionConfigurationPlatforms) = preSolution
		Debug|Any CPU = Debug|Any CPU
		Release|Any CPU = Release|Any CPU
	EndGlobalSection
	GlobalSection(ProjectConfigurationPlatforms) = postSolution
		{242D6719-40AD-4388-A931-7A420A21858A}.Debug|Any CPU.ActiveCfg = Debug|Any CPU
		{242D6719-40AD-4388-A931-7A420A21858A}.Debug|Any CPU.Build.0 = Debug|Any CPU
		{242D6719-40AD-4388-A931-7A420A21858A}.Release|Any CPU.ActiveCfg = Release|Any CPU
		{242D6719-40AD-4388-A931-7A420A21858A}.Release|Any CPU.Build.0 = Release|Any CPU
		{FF9F24EB-0A73-41AA-A520-83EA11D9C285}.Debug|Any CPU.ActiveCfg = Debug|Any CPU
		{FF9F24EB-0A73-41AA-A520-83EA11D9C285}.Debug|Any CPU.Build.0 = Debug|Any CPU
		{FF9F24EB-0A73-41AA-A520-83EA11D9C285}.Release|Any CPU.ActiveCfg = Release|Any CPU
		{FF9F24EB-0A73-41AA-A520-83EA11D9C285}.Release|Any CPU.Build.0 = Release|Any CPU
	EndGlobalSection
	GlobalSection(SolutionProperties) = preSolution
		HideSolutionNode = FALSE
	EndGlobalSection
	GlobalSection(ExtensibilityGlobals) = postSolution
		SolutionGuid = {150678FD-F7A5-4B8C-9DBB-57348DB8D17D}
	EndGlobalSection
EndGlobal
